
Microsoft Visual Studio Solution File, Format Version 12.00
# Visual Studio Version 17
VisualStudioVersion = 17.1.32407.343
MinimumVisualStudioVersion = 10.0.40219.1
Project("{FAE04EC0-301F-11D3-BF4B-00C04F79EFBC}") = "PACManager", "PACManager.csproj", "{AA92F3BB-1239-4A72-9697-F922743DD42F}"
EndProject
Global
	GlobalSection(SolutionConfigurationPlatforms) = preSolution
		Debug|Any CPU = Debug|Any CPU
		Release|Any CPU = Release|Any CPU
	EndGlobalSection
	GlobalSection(ProjectConfigurationPlatforms) = postSolution
		{AA92F3BB-1239-4A72-9697-F922743DD42F}.Debug|Any CPU.ActiveCfg = Debug|Any CPU
		{AA92F3BB-1239-4A72-9697-F922743DD42F}.Debug|Any CPU.Build.0 = Debug|Any CPU
		{AA92F3BB-1239-4A72-9697-F922743DD42F}.Release|Any CPU.ActiveCfg = Release|Any CPU
		{AA92F3BB-1239-4A72-9697-F922743DD42F}.Release|Any CPU.Build.0 = Release|Any CPU
	EndGlobalSection
	GlobalSection(SolutionProperties) = preSolution
		HideSolutionNode = FALSE
	EndGlobalSection
	GlobalSection(ExtensibilityGlobals) = postSolution
		SolutionGuid = {61B4308E-0556-466D-B41A-F4858046D402}
	EndGlobalSection
EndGlobal
